
Microsoft Visual Studio Solution File, Format Version 12.00
# Visual Studio Version 17
VisualStudioVersion = 17.7.34031.279
MinimumVisualStudioVersion = 10.0.40219.1
Project("{FAE04EC0-301F-11D3-BF4B-00C04F79EFBC}") = "Laboratorio 9", "Laboratorio 9.csproj", "{1F53F538-388E-48FB-8B52-D8720FC3FDBA}"
EndProject
Global
	GlobalSection(SolutionConfigurationPlatforms) = preSolution
		Debug|Any CPU = Debug|Any CPU
		Release|Any CPU = Release|Any CPU
	EndGlobalSection
	GlobalSection(ProjectConfigurationPlatforms) = postSolution
		{1F53F538-388E-48FB-8B52-D8720FC3FDBA}.Debug|Any CPU.ActiveCfg = Debug|Any CPU
		{1F53F538-388E-48FB-8B52-D8720FC3FDBA}.Debug|Any CPU.Build.0 = Debug|Any CPU
		{1F53F538-388E-48FB-8B52-D8720FC3FDBA}.Release|Any CPU.ActiveCfg = Release|Any CPU
		{1F53F538-388E-48FB-8B52-D8720FC3FDBA}.Release|Any CPU.Build.0 = Release|Any CPU
	EndGlobalSection
	GlobalSection(SolutionProperties) = preSolution
		HideSolutionNode = FALSE
	EndGlobalSection
	GlobalSection(ExtensibilityGlobals) = postSolution
		SolutionGuid = {169427AD-CF5C-42BC-9F66-71DECFF0F7EB}
	EndGlobalSection
EndGlobal
